dependencies:
- name: postgresql
  repository: https://charts.bitnami.com/bitnami
  version: 14.3.3
- name: redis
  repository: https://charts.bitnami.com/bitnami
  version: 18.16.1
digest: sha256:51f63bc8c0a6675c3c6958562dd367b007065c01ce7fa3d77b312ac2e7e8308e
generated: "2026-02-11T09:18:59.201540902Z"
